PODS:
  - Alamofire (4.8.2)
  - Cache (5.2.0)
  - CleanJSON (0.9.3)
  - Moya (13.0.1):
    - Moya/Core (= 13.0.1)
  - Moya/Core (13.0.1):
    - Alamofire (~> 4.1)
    - Result (~> 4.1)
  - MoyaCache (0.3.0):
    - Moya
    - Storable
  - Result (4.1.0)
  - Storable (0.1.1)

DEPENDENCIES:
  - Cache
  - CleanJSON
  - MoyaCache (from `../`)

SPEC REPOS:
  https://github.com/cocoapods/specs.git:
    - Alamofire
    - Cache
    - CleanJSON
    - Moya
    - Result
    - Storable

EXTERNAL SOURCES:
  MoyaCache:
    :path: "../"

SPEC CHECKSUMS:
  Alamofire: ae5c501addb7afdbb13687d7f2f722c78734c2d3
  Cache: 807c5d86d01a177f06ede9865add3aea269bbfd4
  CleanJSON: e7e3950845b522326790ae0b114bc98102a33456
  Moya: f4a4b80ff2f8a4ffc208dfb31cd91636622fee6e
  MoyaCache: 7502f15e0f132d38c111fd2345f7310fc8b17181
  Result: bd966fac789cc6c1563440b348ab2598cc24d5c7
  Storable: 31d19a4f897d68d1f1843604b60e12e5c2e1db5f

PODFILE CHECKSUM: 37fcdb6f11c260e6586dff803bd712bfe313fb42

COCOAPODS: 1.7.3
